{
  "name": "dotfiles",
  "lockfileVersion": 2,
  "requires": true,
  "packages": {
    "": {
      "dependencies": {
        "oh-vue-icons": "^1.0.0-rc3"
      }
    },
    "node_modules/oh-vue-icons": {
      "version": "1.0.0-rc3",
      "resolved": "https://registry.npmjs.org/oh-vue-icons/-/oh-vue-icons-1.0.0-rc3.tgz",
      "integrity": "sha512-+k2YC6piK7sEZnwbkQF3UokFPMmgqpiLP6f/H0ovQFLl20QA5V4U8EcI6EclD2Lt5NMQ3k6ilLGo8XyXqdVSvg==",
      "dependencies": {
        "vue-demi": "^0.12.5"
      },
      "peerDependencies": {
        "@vue/composition-api": "^1.0.0-rc.1",
        "vue": "^2.0.0 || >=3.0.0"
      },
      "peerDependenciesMeta": {
        "@vue/composition-api": {
          "optional": true
        }
      }
    },
    "node_modules/vue-demi": {
      "version": "0.12.5",
      "resolved": "https://registry.npmjs.org/vue-demi/-/vue-demi-0.12.5.tgz",
      "integrity": "sha512-BREuTgTYlUr0zw0EZn3hnhC3I6gPWv+Kwh4MCih6QcAeaTlaIX0DwOVN0wHej7hSvDPecz4jygy/idsgKfW58Q==",
      "hasInstallScript": true,
      "bin": {
        "vue-demi-fix": "bin/vue-demi-fix.js",
        "vue-demi-switch": "bin/vue-demi-switch.js"
      },
      "engines": {
        "node": ">=12"
      },
      "funding": {
        "url": "https://github.com/sponsors/antfu"
      },
      "peerDependencies": {
        "@vue/composition-api": "^1.0.0-rc.1",
        "vue": "^3.0.0-0 || ^2.6.0"
      },
      "peerDependenciesMeta": {
        "@vue/composition-api": {
          "optional": true
        }
      }
    }
  },
  "dependencies": {
    "oh-vue-icons": {
      "version": "1.0.0-rc3",
      "resolved": "https://registry.npmjs.org/oh-vue-icons/-/oh-vue-icons-1.0.0-rc3.tgz",
      "integrity": "sha512-+k2YC6piK7sEZnwbkQF3UokFPMmgqpiLP6f/H0ovQFLl20QA5V4U8EcI6EclD2Lt5NMQ3k6ilLGo8XyXqdVSvg==",
      "requires": {
        "vue-demi": "^0.12.5"
      }
    },
    "vue-demi": {
      "version": "0.12.5",
      "resolved": "https://registry.npmjs.org/vue-demi/-/vue-demi-0.12.5.tgz",
      "integrity": "sha512-BREuTgTYlUr0zw0EZn3hnhC3I6gPWv+Kwh4MCih6QcAeaTlaIX0DwOVN0wHej7hSvDPecz4jygy/idsgKfW58Q=="
    }
  }
}
